// !$*UTF8*$!
{
	archiveVersion = 1;
	classes = {
	};
	objectVersion = 46;
	objects = {

/* Begin PBXBuildFile section */
		4A012016165E2DEF003C2328 /* TNibUtil.h in Headers */ = {isa = PBXBuildFile; fileRef = 4A012014165E2DEF003C2328 /* TNibUtil.h */; };
		4A012017165E2DEF003C2328 /* TNibUtil.m in Sources */ = {isa = PBXBuildFile; fileRef = 4A012015165E2DEF003C2328 /* TNibUtil.m */; settings = {COMPILER_FLAGS = "-fobjc-arc"; }; };
		4A12A04A165B75FF007AE86A /* ZUUIRevealController.h in Headers */ = {isa = PBXBuildFile; fileRef = 4A12A047165B75FF007AE86A /* ZUUIRevealController.h */; };
		4A12A04B165B75FF007AE86A /* ZUUIRevealController.m in Sources */ = {isa = PBXBuildFile; fileRef = 4A12A048165B75FF007AE86A /* ZUUIRevealController.m */; };
		4A12A091165BB900007AE86A /* GlobalDefine.h in Headers */ = {isa = PBXBuildFile; fileRef = 4A12A08E165BB900007AE86A /* GlobalDefine.h */; };
		4A1AE376164CE68300C12442 /* libz.1.2.5.dylib in Frameworks */ = {isa = PBXBuildFile; fileRef = 4A1AE375164CE68300C12442 /* libz.1.2.5.dylib */; };
		4A98679316E449C200F3797D /* TDeviceUtil.h in Headers */ = {isa = PBXBuildFile; fileRef = 4A98679116E449C200F3797D /* TDeviceUtil.h */; };
		4A98679416E449C200F3797D /* TDeviceUtil.m in Sources */ = {isa = PBXBuildFile; fileRef = 4A98679216E449C200F3797D /* TDeviceUtil.m */; settings = {COMPILER_FLAGS = "-fobjc-arc"; }; };
		4A9867CD16E44D1E00F3797D /* ImageIO.framework in Frameworks */ = {isa = PBXBuildFile; fileRef = A722E962165CC0700025A614 /* ImageIO.framework */; };
		4A9867CF16E44D2700F3797D /* CoreImage.framework in Frameworks */ = {isa = PBXBuildFile; fileRef = 4A9867CE16E44D2700F3797D /* CoreImage.framework */; };
		4A9867D116E44D3400F3797D /* QuartzCore.framework in Frameworks */ = {isa = PBXBuildFile; fileRef = 4A9867D016E44D3400F3797D /* QuartzCore.framework */; };
		4AA44E70176B110100EF33C6 /* NSString+KTCommon.h in Headers */ = {isa = PBXBuildFile; fileRef = 4AA44E69176B110100EF33C6 /* NSString+KTCommon.h */; };
		4AA44E71176B110100EF33C6 /* NSString+KTCommon.m in Sources */ = {isa = PBXBuildFile; fileRef = 4AA44E6A176B110100EF33C6 /* NSString+KTCommon.m */; };
		4AA44E72176B110100EF33C6 /* UIImage+KTCommon.h in Headers */ = {isa = PBXBuildFile; fileRef = 4AA44E6B176B110100EF33C6 /* UIImage+KTCommon.h */; };
		4AA44E73176B110100EF33C6 /* UIImage+KTCommon.m in Sources */ = {isa = PBXBuildFile; fileRef = 4AA44E6C176B110100EF33C6 /* UIImage+KTCommon.m */; };
		4AA44E74176B110100EF33C6 /* NSData+Base64Aware.h in Headers */ = {isa = PBXBuildFile; fileRef = 4AA44E6E176B110100EF33C6 /* NSData+Base64Aware.h */; };
		4AA44E75176B110100EF33C6 /* NSData+Base64Aware.m in Sources */ = {isa = PBXBuildFile; fileRef = 4AA44E6F176B110100EF33C6 /* NSData+Base64Aware.m */; };
		4AECFFF316BA489A002403FD /* TRootViewController.h in Headers */ = {isa = PBXBuildFile; fileRef = 4AECFFF116BA489A002403FD /* TRootViewController.h */; };
		4AECFFF416BA489A002403FD /* TRootViewController.m in Sources */ = {isa = PBXBuildFile; fileRef = 4AECFFF216BA489A002403FD /* TRootViewController.m */; settings = {COMPILER_FLAGS = "-fobjc-arc"; }; };
		9680956613CD344D0014D09A /* Foundation.framework in Frameworks */ = {isa = PBXBuildFile; fileRef = 9680956513CD344D0014D09A /* Foundation.framework */; };
		968A603D13CEC6D400A9A7BE /* CFNetwork.framework in Frameworks */ = {isa = PBXBuildFile; fileRef = 968A603C13CEC6D400A9A7BE /* CFNetwork.framework */; };
		968A604313CEC89700A9A7BE /* CoreGraphics.framework in Frameworks */ = {isa = PBXBuildFile; fileRef = 968A604013CEC89600A9A7BE /* CoreGraphics.framework */; };
		968A604413CEC89700A9A7BE /* Security.framework in Frameworks */ = {isa = PBXBuildFile; fileRef = 968A604113CEC89600A9A7BE /* Security.framework */; };
		968A604513CEC89700A9A7BE /* SystemConfiguration.framework in Frameworks */ = {isa = PBXBuildFile; fileRef = 968A604213CEC89600A9A7BE /* SystemConfiguration.framework */; };
		968A604713CEC8E200A9A7BE /* MobileCoreServices.framework in Frameworks */ = {isa = PBXBuildFile; fileRef = 968A604613CEC8E200A9A7BE /* MobileCoreServices.framework */; };
		968A604D13CECCC600A9A7BE /* UIKit.framework in Frameworks */ = {isa = PBXBuildFile; fileRef = 968A604C13CECCC600A9A7BE /* UIKit.framework */; };
/* End PBXBuildFile section */

/* Begin PBXFileReference section */
		4A012014165E2DEF003C2328 /* TNibUtil.h */ = {isa = PBXFileReference; fileEncoding = 4; lastKnownFileType = sourcecode.c.h; path = TNibUtil.h; sourceTree = "<group>"; };
		4A012015165E2DEF003C2328 /* TNibUtil.m */ = {isa = PBXFileReference; fileEncoding = 4; lastKnownFileType = sourcecode.c.objc; path = TNibUtil.m; sourceTree = "<group>"; };
		4A12A047165B75FF007AE86A /* ZUUIRevealController.h */ = {isa = PBXFileReference; fileEncoding = 4; lastKnownFileType = sourcecode.c.h; path = ZUUIRevealController.h; sourceTree = "<group>"; };
		4A12A048165B75FF007AE86A /* ZUUIRevealController.m */ = {isa = PBXFileReference; fileEncoding = 4; lastKnownFileType = sourcecode.c.objc; path = ZUUIRevealController.m; sourceTree = "<group>"; };
		4A12A08E165BB900007AE86A /* GlobalDefine.h */ = {isa = PBXFileReference; fileEncoding = 4; lastKnownFileType = sourcecode.c.h; path = GlobalDefine.h; sourceTree = "<group>"; };
		4A1AE375164CE68300C12442 /* libz.1.2.5.dylib */ = {isa = PBXFileReference; lastKnownFileType = "compiled.mach-o.dylib"; name = libz.1.2.5.dylib; path = usr/lib/libz.1.2.5.dylib; sourceTree = SDKROOT; };
		4A98679116E449C200F3797D /* TDeviceUtil.h */ = {isa = PBXFileReference; fileEncoding = 4; lastKnownFileType = sourcecode.c.h; path = TDeviceUtil.h; sourceTree = "<group>"; };
		4A98679216E449C200F3797D /* TDeviceUtil.m */ = {isa = PBXFileReference; fileEncoding = 4; lastKnownFileType = sourcecode.c.objc; path = TDeviceUtil.m; sourceTree = "<group>"; };
		4A9867CE16E44D2700F3797D /* CoreImage.framework */ = {isa = PBXFileReference; lastKnownFileType = wrapper.framework; name = CoreImage.framework; path = System/Library/Frameworks/CoreImage.framework; sourceTree = SDKROOT; };
		4A9867D016E44D3400F3797D /* QuartzCore.framework */ = {isa = PBXFileReference; lastKnownFileType = wrapper.framework; name = QuartzCore.framework; path = System/Library/Frameworks/QuartzCore.framework; sourceTree = SDKROOT; };
		4AA44E60176AF8CA00EF33C6 /* libOpen.podspec */ = {isa = PBXFileReference; lastKnownFileType = text; path = libOpen.podspec; sourceTree = "<group>"; };
		4AA44E69176B110100EF33C6 /* NSString+KTCommon.h */ = {isa = PBXFileReference; fileEncoding = 4; lastKnownFileType = sourcecode.c.h; path = "NSString+KTCommon.h"; sourceTree = "<group>"; };
		4AA44E6A176B110100EF33C6 /* NSString+KTCommon.m */ = {isa = PBXFileReference; fileEncoding = 4; lastKnownFileType = sourcecode.c.objc; path = "NSString+KTCommon.m"; sourceTree = "<group>"; };
		4AA44E6B176B110100EF33C6 /* UIImage+KTCommon.h */ = {isa = PBXFileReference; fileEncoding = 4; lastKnownFileType = sourcecode.c.h; path = "UIImage+KTCommon.h"; sourceTree = "<group>"; };
		4AA44E6C176B110100EF33C6 /* UIImage+KTCommon.m */ = {isa = PBXFileReference; fileEncoding = 4; lastKnownFileType = sourcecode.c.objc; path = "UIImage+KTCommon.m"; sourceTree = "<group>"; };
		4AA44E6E176B110100EF33C6 /* NSData+Base64Aware.h */ = {isa = PBXFileReference; fileEncoding = 4; lastKnownFileType = sourcecode.c.h; path = "NSData+Base64Aware.h"; sourceTree = "<group>"; };
		4AA44E6F176B110100EF33C6 /* NSData+Base64Aware.m */ = {isa = PBXFileReference; fileEncoding = 4; lastKnownFileType = sourcecode.c.objc; path = "NSData+Base64Aware.m"; sourceTree = "<group>"; };
		4AECFFF116BA489A002403FD /* TRootViewController.h */ = {isa = PBXFileReference; fileEncoding = 4; lastKnownFileType = sourcecode.c.h; path = TRootViewController.h; sourceTree = "<group>"; };
		4AECFFF216BA489A002403FD /* TRootViewController.m */ = {isa = PBXFileReference; fileEncoding = 4; lastKnownFileType = sourcecode.c.objc; path = TRootViewController.m; sourceTree = "<group>"; };
		9680956213CD344D0014D09A /* liblibOpen.a */ = {isa = PBXFileReference; explicitFileType = archive.ar; includeInIndex = 0; path = liblibOpen.a; sourceTree = BUILT_PRODUCTS_DIR; };
		9680956513CD344D0014D09A /* Foundation.framework */ = {isa = PBXFileReference; lastKnownFileType = wrapper.framework; name = Foundation.framework; path = System/Library/Frameworks/Foundation.framework; sourceTree = SDKROOT; };
		9680956913CD344D0014D09A /* libOpen-Prefix.pch */ = {isa = PBXFileReference; lastKnownFileType = sourcecode.c.h; path = "libOpen-Prefix.pch"; sourceTree = "<group>"; };
		9680957013CD344E0014D09A /* SenTestingKit.framework */ = {isa = PBXFileReference; lastKnownFileType = wrapper.framework; name = SenTestingKit.framework; path = Library/Frameworks/SenTestingKit.framework; sourceTree = DEVELOPER_DIR; };
		968A603C13CEC6D400A9A7BE /* CFNetwork.framework */ = {isa = PBXFileReference; lastKnownFileType = wrapper.framework; name = CFNetwork.framework; path = System/Library/Frameworks/CFNetwork.framework; sourceTree = SDKROOT; };
		968A603E13CEC72200A9A7BE /* libxml2.dylib */ = {isa = PBXFileReference; lastKnownFileType = "compiled.mach-o.dylib"; name = libxml2.dylib; path = usr/lib/libxml2.dylib; sourceTree = SDKROOT; };
		968A604013CEC89600A9A7BE /* CoreGraphics.framework */ = {isa = PBXFileReference; lastKnownFileType = wrapper.framework; name = CoreGraphics.framework; path = System/Library/Frameworks/CoreGraphics.framework; sourceTree = SDKROOT; };
		968A604113CEC89600A9A7BE /* Security.framework */ = {isa = PBXFileReference; lastKnownFileType = wrapper.framework; name = Security.framework; path = System/Library/Frameworks/Security.framework; sourceTree = SDKROOT; };
		968A604213CEC89600A9A7BE /* SystemConfiguration.framework */ = {isa = PBXFileReference; lastKnownFileType = wrapper.framework; name = SystemConfiguration.framework; path = System/Library/Frameworks/SystemConfiguration.framework; sourceTree = SDKROOT; };
		968A604613CEC8E200A9A7BE /* MobileCoreServices.framework */ = {isa = PBXFileReference; lastKnownFileType = wrapper.framework; name = MobileCoreServices.framework; path = System/Library/Frameworks/MobileCoreServices.framework; sourceTree = SDKROOT; };
		968A604813CEC90A00A9A7BE /* libz.dylib */ = {isa = PBXFileReference; lastKnownFileType = "compiled.mach-o.dylib"; name = libz.dylib; path = usr/lib/libz.dylib; sourceTree = SDKROOT; };
		968A604C13CECCC600A9A7BE /* UIKit.framework */ = {isa = PBXFileReference; lastKnownFileType = wrapper.framework; name = UIKit.framework; path = System/Library/Frameworks/UIKit.framework; sourceTree = SDKROOT; };
		A722E962165CC0700025A614 /* ImageIO.framework */ = {isa = PBXFileReference; lastKnownFileType = wrapper.framework; name = ImageIO.framework; path = System/Library/Frameworks/ImageIO.framework; sourceTree = SDKROOT; };
/* End PBXFileReference section */

/* Begin PBXFrameworksBuildPhase section */
		9680955F13CD344D0014D09A /* Frameworks */ = {
			isa = PBXFrameworksBuildPhase;
			buildActionMask = 2147483647;
			files = (
				4A9867D116E44D3400F3797D /* QuartzCore.framework in Frameworks */,
				4A9867CF16E44D2700F3797D /* CoreImage.framework in Frameworks */,
				4A9867CD16E44D1E00F3797D /* ImageIO.framework in Frameworks */,
				4A1AE376164CE68300C12442 /* libz.1.2.5.dylib in Frameworks */,
				968A604D13CECCC600A9A7BE /* UIKit.framework in Frameworks */,
				968A604713CEC8E200A9A7BE /* MobileCoreServices.framework in Frameworks */,
				968A604313CEC89700A9A7BE /* CoreGraphics.framework in Frameworks */,
				968A604413CEC89700A9A7BE /* Security.framework in Frameworks */,
				968A604513CEC89700A9A7BE /* SystemConfiguration.framework in Frameworks */,
				9680956613CD344D0014D09A /* Foundation.framework in Frameworks */,
				968A603D13CEC6D400A9A7BE /* CFNetwork.framework in Frameworks */,
			);
			runOnlyForDeploymentPostprocessing = 0;
		};
/* End PBXFrameworksBuildPhase section */

/* Begin PBXGroup section */
		4A12A045165B75FF007AE86A /* ZUUIRevealController */ = {
			isa = PBXGroup;
			children = (
				4A12A047165B75FF007AE86A /* ZUUIRevealController.h */,
				4A12A048165B75FF007AE86A /* ZUUIRevealController.m */,
			);
			path = ZUUIRevealController;
			sourceTree = "<group>";
		};
		4A12A08D165BB900007AE86A /* Tao */ = {
			isa = PBXGroup;
			children = (
				4A012014165E2DEF003C2328 /* TNibUtil.h */,
				4A012015165E2DEF003C2328 /* TNibUtil.m */,
				4A12A08E165BB900007AE86A /* GlobalDefine.h */,
				4AECFFF116BA489A002403FD /* TRootViewController.h */,
				4AECFFF216BA489A002403FD /* TRootViewController.m */,
				4A98679116E449C200F3797D /* TDeviceUtil.h */,
				4A98679216E449C200F3797D /* TDeviceUtil.m */,
			);
			path = Tao;
			sourceTree = "<group>";
		};
		4AA44E68176B110100EF33C6 /* CommonARC */ = {
			isa = PBXGroup;
			children = (
				4AA44E69176B110100EF33C6 /* NSString+KTCommon.h */,
				4AA44E6A176B110100EF33C6 /* NSString+KTCommon.m */,
				4AA44E6B176B110100EF33C6 /* UIImage+KTCommon.h */,
				4AA44E6C176B110100EF33C6 /* UIImage+KTCommon.m */,
			);
			path = CommonARC;
			sourceTree = "<group>";
		};
		4AA44E6D176B110100EF33C6 /* CommonNoARC */ = {
			isa = PBXGroup;
			children = (
				4AA44E6E176B110100EF33C6 /* NSData+Base64Aware.h */,
				4AA44E6F176B110100EF33C6 /* NSData+Base64Aware.m */,
			);
			path = CommonNoARC;
			sourceTree = "<group>";
		};
		9680955713CD344D0014D09A = {
			isa = PBXGroup;
			children = (
				4A9867D016E44D3400F3797D /* QuartzCore.framework */,
				4A9867CE16E44D2700F3797D /* CoreImage.framework */,
				4AA44E60176AF8CA00EF33C6 /* libOpen.podspec */,
				9680956713CD344D0014D09A /* libOpen */,
				9680956413CD344D0014D09A /* Frameworks */,
				9680956313CD344D0014D09A /* Products */,
			);
			sourceTree = "<group>";
		};
		9680956313CD344D0014D09A /* Products */ = {
			isa = PBXGroup;
			children = (
				9680956213CD344D0014D09A /* liblibOpen.a */,
			);
			name = Products;
			sourceTree = "<group>";
		};
		9680956413CD344D0014D09A /* Frameworks */ = {
			isa = PBXGroup;
			children = (
				A722E962165CC0700025A614 /* ImageIO.framework */,
				4A1AE375164CE68300C12442 /* libz.1.2.5.dylib */,
				968A604813CEC90A00A9A7BE /* libz.dylib */,
				968A603E13CEC72200A9A7BE /* libxml2.dylib */,
				968A604C13CECCC600A9A7BE /* UIKit.framework */,
				968A604613CEC8E200A9A7BE /* MobileCoreServices.framework */,
				968A604013CEC89600A9A7BE /* CoreGraphics.framework */,
				968A604113CEC89600A9A7BE /* Security.framework */,
				968A604213CEC89600A9A7BE /* SystemConfiguration.framework */,
				968A603C13CEC6D400A9A7BE /* CFNetwork.framework */,
				9680956513CD344D0014D09A /* Foundation.framework */,
				9680957013CD344E0014D09A /* SenTestingKit.framework */,
			);
			name = Frameworks;
			sourceTree = "<group>";
		};
		9680956713CD344D0014D09A /* libOpen */ = {
			isa = PBXGroup;
			children = (
				4AA44E68176B110100EF33C6 /* CommonARC */,
				4AA44E6D176B110100EF33C6 /* CommonNoARC */,
				4A12A08D165BB900007AE86A /* Tao */,
				4A12A045165B75FF007AE86A /* ZUUIRevealController */,
				9680956813CD344D0014D09A /* Supporting Files */,
			);
			path = libOpen;
			sourceTree = "<group>";
		};
		9680956813CD344D0014D09A /* Supporting Files */ = {
			isa = PBXGroup;
			children = (
				9680956913CD344D0014D09A /* libOpen-Prefix.pch */,
			);
			name = "Supporting Files";
			sourceTree = "<group>";
		};
/* End PBXGroup section */

/* Begin PBXHeadersBuildPhase section */
		9680956013CD344D0014D09A /* Headers */ = {
			isa = PBXHeadersBuildPhase;
			buildActionMask = 2147483647;
			files = (
				4A12A04A165B75FF007AE86A /* ZUUIRevealController.h in Headers */,
				4A12A091165BB900007AE86A /* GlobalDefine.h in Headers */,
				4A012016165E2DEF003C2328 /* TNibUtil.h in Headers */,
				4AECFFF316BA489A002403FD /* TRootViewController.h in Headers */,
				4A98679316E449C200F3797D /* TDeviceUtil.h in Headers */,
				4AA44E70176B110100EF33C6 /* NSString+KTCommon.h in Headers */,
				4AA44E72176B110100EF33C6 /* UIImage+KTCommon.h in Headers */,
				4AA44E74176B110100EF33C6 /* NSData+Base64Aware.h in Headers */,
			);
			runOnlyForDeploymentPostprocessing = 0;
		};
/* End PBXHeadersBuildPhase section */

/* Begin PBXNativeTarget section */
		9680956113CD344D0014D09A /* libOpen */ = {
			isa = PBXNativeTarget;
			buildConfigurationList = 9680958613CD344E0014D09A /* Build configuration list for PBXNativeTarget "libOpen" */;
			buildPhases = (
				9680955E13CD344D0014D09A /* Sources */,
				9680955F13CD344D0014D09A /* Frameworks */,
				9680956013CD344D0014D09A /* Headers */,
				A737C0E31663A5F500E5447B /* Resources */,
			);
			buildRules = (
			);
			dependencies = (
			);
			name = libOpen;
			productName = libOpen;
			productReference = 9680956213CD344D0014D09A /* liblibOpen.a */;
			productType = "com.apple.product-type.library.static";
		};
/* End PBXNativeTarget section */

/* Begin PBXProject section */
		9680955913CD344D0014D09A /* Project object */ = {
			isa = PBXProject;
			attributes = {
				LastUpgradeCheck = 0450;
			};
			buildConfigurationList = 9680955C13CD344D0014D09A /* Build configuration list for PBXProject "libOpen" */;
			compatibilityVersion = "Xcode 3.2";
			developmentRegion = English;
			hasScannedForEncodings = 0;
			knownRegions = (
				en,
			);
			mainGroup = 9680955713CD344D0014D09A;
			productRefGroup = 9680956313CD344D0014D09A /* Products */;
			projectDirPath = "";
			projectRoot = "";
			targets = (
				9680956113CD344D0014D09A /* libOpen */,
			);
		};
/* End PBXProject section */

/* Begin PBXResourcesBuildPhase section */
		A737C0E31663A5F500E5447B /* Resources */ = {
			isa = PBXResourcesBuildPhase;
			buildActionMask = 2147483647;
			files = (
			);
			runOnlyForDeploymentPostprocessing = 0;
		};
/* End PBXResourcesBuildPhase section */

/* Begin PBXSourcesBuildPhase section */
		9680955E13CD344D0014D09A /* Sources */ = {
			isa = PBXSourcesBuildPhase;
			buildActionMask = 2147483647;
			files = (
				4A12A04B165B75FF007AE86A /* ZUUIRevealController.m in Sources */,
				4A012017165E2DEF003C2328 /* TNibUtil.m in Sources */,
				4A98679416E449C200F3797D /* TDeviceUtil.m in Sources */,
				4AECFFF416BA489A002403FD /* TRootViewController.m in Sources */,
				4AA44E71176B110100EF33C6 /* NSString+KTCommon.m in Sources */,
				4AA44E73176B110100EF33C6 /* UIImage+KTCommon.m in Sources */,
				4AA44E75176B110100EF33C6 /* NSData+Base64Aware.m in Sources */,
			);
			runOnlyForDeploymentPostprocessing = 0;
		};
/* End PBXSourcesBuildPhase section */

/* Begin XCBuildConfiguration section */
		9680958413CD344E0014D09A /* Debug */ = {
			isa = XCBuildConfiguration;
			buildSettings = {
				ALWAYS_SEARCH_USER_PATHS = NO;
				ARCHS = "$(ARCHS_STANDARD_32_BIT)";
				CLANG_ENABLE_OBJC_ARC = YES;
				COPY_PHASE_STRIP = NO;
				GCC_C_LANGUAGE_STANDARD = gnu99;
				GCC_DYNAMIC_NO_PIC = NO;
				GCC_OPTIMIZATION_LEVEL = 0;
				GCC_PREPROCESSOR_DEFINITIONS = (
					"DEBUG=1",
					"$(inherited)",
				);
				GCC_SYMBOLS_PRIVATE_EXTERN = NO;
				GCC_VERSION = com.apple.compilers.llvmgcc42;
				GCC_WARN_ABOUT_MISSING_PROTOTYPES = YES;
				GCC_WARN_ABOUT_RETURN_TYPE = YES;
				GCC_WARN_UNUSED_VARIABLE = YES;
				IPHONEOS_DEPLOYMENT_TARGET = 5.0;
				SDKROOT = iphoneos;
				TARGETED_DEVICE_FAMILY = "1,2";
			};
			name = Debug;
		};
		9680958513CD344E0014D09A /* Release */ = {
			isa = XCBuildConfiguration;
			buildSettings = {
				ALWAYS_SEARCH_USER_PATHS = NO;
				ARCHS = "$(ARCHS_STANDARD_32_BIT)";
				CLANG_ENABLE_OBJC_ARC = YES;
				COPY_PHASE_STRIP = YES;
				GCC_C_LANGUAGE_STANDARD = gnu99;
				GCC_VERSION = com.apple.compilers.llvmgcc42;
				GCC_WARN_ABOUT_MISSING_PROTOTYPES = YES;
				GCC_WARN_ABOUT_RETURN_TYPE = YES;
				GCC_WARN_UNUSED_VARIABLE = YES;
				IPHONEOS_DEPLOYMENT_TARGET = 5.0;
				SDKROOT = iphoneos;
				TARGETED_DEVICE_FAMILY = "1,2";
				VALIDATE_PRODUCT = YES;
			};
			name = Release;
		};
		9680958713CD344E0014D09A /* Debug */ = {
			isa = XCBuildConfiguration;
			buildSettings = {
				ARCHS = "$(ARCHS_STANDARD_32_BIT)";
				CLANG_ENABLE_OBJC_ARC = NO;
				DSTROOT = /tmp/libOpen.dst;
				FRAMEWORK_SEARCH_PATHS = "$(inherited)";
				GCC_PRECOMPILE_PREFIX_HEADER = YES;
				GCC_PREFIX_HEADER = "libOpen/libOpen-Prefix.pch";
				GCC_THUMB_SUPPORT = NO;
				GCC_VERSION = "";
				HEADER_SEARCH_PATHS = "\"./libOpen\"/**";
				LIBRARY_SEARCH_PATHS = (
					"$(inherited)",
					"\"$(SDKROOT)/usr/lib/system\"",
				);
				OTHER_LDFLAGS = "-ObjC";
				PRODUCT_NAME = libOpen;
				SKIP_INSTALL = YES;
			};
			name = Debug;
		};
		9680958813CD344E0014D09A /* Release */ = {
			isa = XCBuildConfiguration;
			buildSettings = {
				ARCHS = "$(ARCHS_STANDARD_32_BIT)";
				CLANG_ENABLE_OBJC_ARC = NO;
				DSTROOT = /tmp/libOpen.dst;
				FRAMEWORK_SEARCH_PATHS = "$(inherited)";
				GCC_PRECOMPILE_PREFIX_HEADER = YES;
				GCC_PREFIX_HEADER = "libOpen/libOpen-Prefix.pch";
				GCC_THUMB_SUPPORT = NO;
				GCC_VERSION = "";
				HEADER_SEARCH_PATHS = "\"./libOpen\"/**";
				LIBRARY_SEARCH_PATHS = (
					"$(inherited)",
					"\"$(SDKROOT)/usr/lib/system\"",
				);
				OTHER_LDFLAGS = "-ObjC";
				PRODUCT_NAME = libOpen;
				SKIP_INSTALL = YES;
			};
			name = Release;
		};
/* End XCBuildConfiguration section */

/* Begin XCConfigurationList section */
		9680955C13CD344D0014D09A /* Build configuration list for PBXProject "libOpen" */ = {
			isa = XCConfigurationList;
			buildConfigurations = (
				9680958413CD344E0014D09A /* Debug */,
				9680958513CD344E0014D09A /* Release */,
			);
			defaultConfigurationIsVisible = 0;
			defaultConfigurationName = Release;
		};
		9680958613CD344E0014D09A /* Build configuration list for PBXNativeTarget "libOpen" */ = {
			isa = XCConfigurationList;
			buildConfigurations = (
				9680958713CD344E0014D09A /* Debug */,
				9680958813CD344E0014D09A /* Release */,
			);
			defaultConfigurationIsVisible = 0;
			defaultConfigurationName = Release;
		};
/* End XCConfigurationList section */
	};
	rootObject = 9680955913CD344D0014D09A /* Project object */;
}
