// !$*UTF8*$!
{
	archiveVersion = 1;
	classes = {
	};
	objectVersion = 46;
	objects = {

/* Begin PBXBuildFile section */
		4A1AE376164CE68300C12442 /* libz.1.2.5.dylib in Frameworks */ = {isa = PBXBuildFile; fileRef = 4A1AE375164CE68300C12442 /* libz.1.2.5.dylib */; };
		4A531BE41A2DAD3D00172FF8 /* AGDateUtil.h in Headers */ = {isa = PBXBuildFile; fileRef = 4A531BE21A2DAD3D00172FF8 /* AGDateUtil.h */; };
		4A531BE51A2DAD3D00172FF8 /* AGDateUtil.m in Sources */ = {isa = PBXBuildFile; fileRef = 4A531BE31A2DAD3D00172FF8 /* AGDateUtil.m */; };
		4A9867CD16E44D1E00F3797D /* ImageIO.framework in Frameworks */ = {isa = PBXBuildFile; fileRef = A722E962165CC0700025A614 /* ImageIO.framework */; };
		4A9867CF16E44D2700F3797D /* CoreImage.framework in Frameworks */ = {isa = PBXBuildFile; fileRef = 4A9867CE16E44D2700F3797D /* CoreImage.framework */; };
		4A9867D116E44D3400F3797D /* QuartzCore.framework in Frameworks */ = {isa = PBXBuildFile; fileRef = 4A9867D016E44D3400F3797D /* QuartzCore.framework */; };
		4ABF218E19C9B72F00F730FF /* AGModel.h in Headers */ = {isa = PBXBuildFile; fileRef = 4ABF217D19C9B72F00F730FF /* AGModel.h */; };
		4ABF218F19C9B72F00F730FF /* AGModel.m in Sources */ = {isa = PBXBuildFile; fileRef = 4ABF217E19C9B72F00F730FF /* AGModel.m */; };
		4ABF219019C9B72F00F730FF /* DSDeviceUtil.h in Headers */ = {isa = PBXBuildFile; fileRef = 4ABF217F19C9B72F00F730FF /* DSDeviceUtil.h */; };
		4ABF219119C9B72F00F730FF /* DSDeviceUtil.m in Sources */ = {isa = PBXBuildFile; fileRef = 4ABF218019C9B72F00F730FF /* DSDeviceUtil.m */; };
		4ABF219219C9B72F00F730FF /* DSDraw.h in Headers */ = {isa = PBXBuildFile; fileRef = 4ABF218119C9B72F00F730FF /* DSDraw.h */; };
		4ABF219319C9B72F00F730FF /* DSDraw.m in Sources */ = {isa = PBXBuildFile; fileRef = 4ABF218219C9B72F00F730FF /* DSDraw.m */; };
		4ABF219419C9B72F00F730FF /* DSImage.h in Headers */ = {isa = PBXBuildFile; fileRef = 4ABF218319C9B72F00F730FF /* DSImage.h */; };
		4ABF219519C9B72F00F730FF /* DSImage.m in Sources */ = {isa = PBXBuildFile; fileRef = 4ABF218419C9B72F00F730FF /* DSImage.m */; };
		4ABF219619C9B72F00F730FF /* DSValueUtil.h in Headers */ = {isa = PBXBuildFile; fileRef = 4ABF218519C9B72F00F730FF /* DSValueUtil.h */; };
		4ABF219719C9B72F00F730FF /* DSValueUtil.m in Sources */ = {isa = PBXBuildFile; fileRef = 4ABF218619C9B72F00F730FF /* DSValueUtil.m */; };
		4ABF219819C9B72F00F730FF /* GlobalDefine.h in Headers */ = {isa = PBXBuildFile; fileRef = 4ABF218719C9B72F00F730FF /* GlobalDefine.h */; };
		4ABF219919C9B72F00F730FF /* TDeviceUtil.h in Headers */ = {isa = PBXBuildFile; fileRef = 4ABF218819C9B72F00F730FF /* TDeviceUtil.h */; };
		4ABF219A19C9B72F00F730FF /* TDeviceUtil.m in Sources */ = {isa = PBXBuildFile; fileRef = 4ABF218919C9B72F00F730FF /* TDeviceUtil.m */; };
		4ABF219B19C9B72F00F730FF /* TNibUtil.h in Headers */ = {isa = PBXBuildFile; fileRef = 4ABF218A19C9B72F00F730FF /* TNibUtil.h */; };
		4ABF219C19C9B72F00F730FF /* TNibUtil.m in Sources */ = {isa = PBXBuildFile; fileRef = 4ABF218B19C9B72F00F730FF /* TNibUtil.m */; };
		4ABF219D19C9B72F00F730FF /* TRootViewController.h in Headers */ = {isa = PBXBuildFile; fileRef = 4ABF218C19C9B72F00F730FF /* TRootViewController.h */; };
		4ABF219E19C9B72F00F730FF /* TRootViewController.m in Sources */ = {isa = PBXBuildFile; fileRef = 4ABF218D19C9B72F00F730FF /* TRootViewController.m */; };
		4ABF21A019C9B76000F730FF /* libOpen-Prefix.pch in Headers */ = {isa = PBXBuildFile; fileRef = 4ABF219F19C9B76000F730FF /* libOpen-Prefix.pch */; };
		4AD7D21019D111A900D7F178 /* NSObject+Singleton.h in Headers */ = {isa = PBXBuildFile; fileRef = 4AD7D20E19D111A900D7F178 /* NSObject+Singleton.h */; };
		4AD7D21119D111A900D7F178 /* NSObject+Singleton.m in Sources */ = {isa = PBXBuildFile; fileRef = 4AD7D20F19D111A900D7F178 /* NSObject+Singleton.m */; };
		4AD7D2E819D2BD5C00D7F178 /* AGAppUtil.h in Headers */ = {isa = PBXBuildFile; fileRef = 4AD7D2E619D2BD5C00D7F178 /* AGAppUtil.h */; };
		4AD7D2E919D2BD5C00D7F178 /* AGAppUtil.m in Sources */ = {isa = PBXBuildFile; fileRef = 4AD7D2E719D2BD5C00D7F178 /* AGAppUtil.m */; };
		4ADF911B1A8B469B0074B478 /* SKScene+ABUtil.h in Headers */ = {isa = PBXBuildFile; fileRef = 4ADF91191A8B469B0074B478 /* SKScene+ABUtil.h */; };
		4ADF911C1A8B469B0074B478 /* SKScene+ABUtil.m in Sources */ = {isa = PBXBuildFile; fileRef = 4ADF911A1A8B469B0074B478 /* SKScene+ABUtil.m */; };
		9680956613CD344D0014D09A /* Foundation.framework in Frameworks */ = {isa = PBXBuildFile; fileRef = 9680956513CD344D0014D09A /* Foundation.framework */; };
		968A603D13CEC6D400A9A7BE /* CFNetwork.framework in Frameworks */ = {isa = PBXBuildFile; fileRef = 968A603C13CEC6D400A9A7BE /* CFNetwork.framework */; };
		968A604313CEC89700A9A7BE /* CoreGraphics.framework in Frameworks */ = {isa = PBXBuildFile; fileRef = 968A604013CEC89600A9A7BE /* CoreGraphics.framework */; };
		968A604413CEC89700A9A7BE /* Security.framework in Frameworks */ = {isa = PBXBuildFile; fileRef = 968A604113CEC89600A9A7BE /* Security.framework */; };
		968A604513CEC89700A9A7BE /* SystemConfiguration.framework in Frameworks */ = {isa = PBXBuildFile; fileRef = 968A604213CEC89600A9A7BE /* SystemConfiguration.framework */; };
		968A604713CEC8E200A9A7BE /* MobileCoreServices.framework in Frameworks */ = {isa = PBXBuildFile; fileRef = 968A604613CEC8E200A9A7BE /* MobileCoreServices.framework */; };
		968A604D13CECCC600A9A7BE /* UIKit.framework in Frameworks */ = {isa = PBXBuildFile; fileRef = 968A604C13CECCC600A9A7BE /* UIKit.framework */; };
/* End PBXBuildFile section */

/* Begin PBXFileReference section */
		4A1AE375164CE68300C12442 /* libz.1.2.5.dylib */ = {isa = PBXFileReference; lastKnownFileType = "compiled.mach-o.dylib"; name = libz.1.2.5.dylib; path = usr/lib/libz.1.2.5.dylib; sourceTree = SDKROOT; };
		4A531BE21A2DAD3D00172FF8 /* AGDateUtil.h */ = {isa = PBXFileReference; fileEncoding = 4; lastKnownFileType = sourcecode.c.h; path = AGDateUtil.h; sourceTree = "<group>"; };
		4A531BE31A2DAD3D00172FF8 /* AGDateUtil.m */ = {isa = PBXFileReference; fileEncoding = 4; lastKnownFileType = sourcecode.c.objc; path = AGDateUtil.m; sourceTree = "<group>"; };
		4A9867CE16E44D2700F3797D /* CoreImage.framework */ = {isa = PBXFileReference; lastKnownFileType = wrapper.framework; name = CoreImage.framework; path = System/Library/Frameworks/CoreImage.framework; sourceTree = SDKROOT; };
		4A9867D016E44D3400F3797D /* QuartzCore.framework */ = {isa = PBXFileReference; lastKnownFileType = wrapper.framework; name = QuartzCore.framework; path = System/Library/Frameworks/QuartzCore.framework; sourceTree = SDKROOT; };
		4ABF217D19C9B72F00F730FF /* AGModel.h */ = {isa = PBXFileReference; fileEncoding = 4; lastKnownFileType = sourcecode.c.h; path = AGModel.h; sourceTree = "<group>"; };
		4ABF217E19C9B72F00F730FF /* AGModel.m */ = {isa = PBXFileReference; fileEncoding = 4; lastKnownFileType = sourcecode.c.objc; path = AGModel.m; sourceTree = "<group>"; };
		4ABF217F19C9B72F00F730FF /* DSDeviceUtil.h */ = {isa = PBXFileReference; fileEncoding = 4; lastKnownFileType = sourcecode.c.h; path = DSDeviceUtil.h; sourceTree = "<group>"; };
		4ABF218019C9B72F00F730FF /* DSDeviceUtil.m */ = {isa = PBXFileReference; fileEncoding = 4; lastKnownFileType = sourcecode.c.objc; path = DSDeviceUtil.m; sourceTree = "<group>"; };
		4ABF218119C9B72F00F730FF /* DSDraw.h */ = {isa = PBXFileReference; fileEncoding = 4; lastKnownFileType = sourcecode.c.h; path = DSDraw.h; sourceTree = "<group>"; };
		4ABF218219C9B72F00F730FF /* DSDraw.m */ = {isa = PBXFileReference; fileEncoding = 4; lastKnownFileType = sourcecode.c.objc; path = DSDraw.m; sourceTree = "<group>"; };
		4ABF218319C9B72F00F730FF /* DSImage.h */ = {isa = PBXFileReference; fileEncoding = 4; lastKnownFileType = sourcecode.c.h; path = DSImage.h; sourceTree = "<group>"; };
		4ABF218419C9B72F00F730FF /* DSImage.m */ = {isa = PBXFileReference; fileEncoding = 4; lastKnownFileType = sourcecode.c.objc; path = DSImage.m; sourceTree = "<group>"; };
		4ABF218519C9B72F00F730FF /* DSValueUtil.h */ = {isa = PBXFileReference; fileEncoding = 4; lastKnownFileType = sourcecode.c.h; path = DSValueUtil.h; sourceTree = "<group>"; };
		4ABF218619C9B72F00F730FF /* DSValueUtil.m */ = {isa = PBXFileReference; fileEncoding = 4; lastKnownFileType = sourcecode.c.objc; path = DSValueUtil.m; sourceTree = "<group>"; };
		4ABF218719C9B72F00F730FF /* GlobalDefine.h */ = {isa = PBXFileReference; fileEncoding = 4; lastKnownFileType = sourcecode.c.h; path = GlobalDefine.h; sourceTree = "<group>"; };
		4ABF218819C9B72F00F730FF /* TDeviceUtil.h */ = {isa = PBXFileReference; fileEncoding = 4; lastKnownFileType = sourcecode.c.h; path = TDeviceUtil.h; sourceTree = "<group>"; };
		4ABF218919C9B72F00F730FF /* TDeviceUtil.m */ = {isa = PBXFileReference; fileEncoding = 4; lastKnownFileType = sourcecode.c.objc; path = TDeviceUtil.m; sourceTree = "<group>"; };
		4ABF218A19C9B72F00F730FF /* TNibUtil.h */ = {isa = PBXFileReference; fileEncoding = 4; lastKnownFileType = sourcecode.c.h; path = TNibUtil.h; sourceTree = "<group>"; };
		4ABF218B19C9B72F00F730FF /* TNibUtil.m */ = {isa = PBXFileReference; fileEncoding = 4; lastKnownFileType = sourcecode.c.objc; path = TNibUtil.m; sourceTree = "<group>"; };
		4ABF218C19C9B72F00F730FF /* TRootViewController.h */ = {isa = PBXFileReference; fileEncoding = 4; lastKnownFileType = sourcecode.c.h; path = TRootViewController.h; sourceTree = "<group>"; };
		4ABF218D19C9B72F00F730FF /* TRootViewController.m */ = {isa = PBXFileReference; fileEncoding = 4; lastKnownFileType = sourcecode.c.objc; path = TRootViewController.m; sourceTree = "<group>"; };
		4ABF219F19C9B76000F730FF /* libOpen-Prefix.pch */ = {isa = PBXFileReference; fileEncoding = 4; lastKnownFileType = sourcecode.c.h; path = "libOpen-Prefix.pch"; sourceTree = "<group>"; };
		4AD7D20E19D111A900D7F178 /* NSObject+Singleton.h */ = {isa = PBXFileReference; fileEncoding = 4; lastKnownFileType = sourcecode.c.h; path = "NSObject+Singleton.h"; sourceTree = "<group>"; };
		4AD7D20F19D111A900D7F178 /* NSObject+Singleton.m */ = {isa = PBXFileReference; fileEncoding = 4; lastKnownFileType = sourcecode.c.objc; path = "NSObject+Singleton.m"; sourceTree = "<group>"; };
		4AD7D2E619D2BD5C00D7F178 /* AGAppUtil.h */ = {isa = PBXFileReference; fileEncoding = 4; lastKnownFileType = sourcecode.c.h; path = AGAppUtil.h; sourceTree = "<group>"; };
		4AD7D2E719D2BD5C00D7F178 /* AGAppUtil.m */ = {isa = PBXFileReference; fileEncoding = 4; lastKnownFileType = sourcecode.c.objc; path = AGAppUtil.m; sourceTree = "<group>"; };
		4ADF91191A8B469B0074B478 /* SKScene+ABUtil.h */ = {isa = PBXFileReference; fileEncoding = 4; lastKnownFileType = sourcecode.c.h; path = "SKScene+ABUtil.h"; sourceTree = "<group>"; };
		4ADF911A1A8B469B0074B478 /* SKScene+ABUtil.m */ = {isa = PBXFileReference; fileEncoding = 4; lastKnownFileType = sourcecode.c.objc; path = "SKScene+ABUtil.m"; sourceTree = "<group>"; };
		9680956213CD344D0014D09A /* liblibOpen.a */ = {isa = PBXFileReference; explicitFileType = archive.ar; includeInIndex = 0; path = liblibOpen.a; sourceTree = BUILT_PRODUCTS_DIR; };
		9680956513CD344D0014D09A /* Foundation.framework */ = {isa = PBXFileReference; lastKnownFileType = wrapper.framework; name = Foundation.framework; path = System/Library/Frameworks/Foundation.framework; sourceTree = SDKROOT; };
		9680957013CD344E0014D09A /* SenTestingKit.framework */ = {isa = PBXFileReference; lastKnownFileType = wrapper.framework; name = SenTestingKit.framework; path = Library/Frameworks/SenTestingKit.framework; sourceTree = DEVELOPER_DIR; };
		968A603C13CEC6D400A9A7BE /* CFNetwork.framework */ = {isa = PBXFileReference; lastKnownFileType = wrapper.framework; name = CFNetwork.framework; path = System/Library/Frameworks/CFNetwork.framework; sourceTree = SDKROOT; };
		968A603E13CEC72200A9A7BE /* libxml2.dylib */ = {isa = PBXFileReference; lastKnownFileType = "compiled.mach-o.dylib"; name = libxml2.dylib; path = usr/lib/libxml2.dylib; sourceTree = SDKROOT; };
		968A604013CEC89600A9A7BE /* CoreGraphics.framework */ = {isa = PBXFileReference; lastKnownFileType = wrapper.framework; name = CoreGraphics.framework; path = System/Library/Frameworks/CoreGraphics.framework; sourceTree = SDKROOT; };
		968A604113CEC89600A9A7BE /* Security.framework */ = {isa = PBXFileReference; lastKnownFileType = wrapper.framework; name = Security.framework; path = System/Library/Frameworks/Security.framework; sourceTree = SDKROOT; };
		968A604213CEC89600A9A7BE /* SystemConfiguration.framework */ = {isa = PBXFileReference; lastKnownFileType = wrapper.framework; name = SystemConfiguration.framework; path = System/Library/Frameworks/SystemConfiguration.framework; sourceTree = SDKROOT; };
		968A604613CEC8E200A9A7BE /* MobileCoreServices.framework */ = {isa = PBXFileReference; lastKnownFileType = wrapper.framework; name = MobileCoreServices.framework; path = System/Library/Frameworks/MobileCoreServices.framework; sourceTree = SDKROOT; };
		968A604813CEC90A00A9A7BE /* libz.dylib */ = {isa = PBXFileReference; lastKnownFileType = "compiled.mach-o.dylib"; name = libz.dylib; path = usr/lib/libz.dylib; sourceTree = SDKROOT; };
		968A604C13CECCC600A9A7BE /* UIKit.framework */ = {isa = PBXFileReference; lastKnownFileType = wrapper.framework; name = UIKit.framework; path = System/Library/Frameworks/UIKit.framework; sourceTree = SDKROOT; };
		A722E962165CC0700025A614 /* ImageIO.framework */ = {isa = PBXFileReference; lastKnownFileType = wrapper.framework; name = ImageIO.framework; path = System/Library/Frameworks/ImageIO.framework; sourceTree = SDKROOT; };
/* End PBXFileReference section */

/* Begin PBXFrameworksBuildPhase section */
		9680955F13CD344D0014D09A /* Frameworks */ = {
			isa = PBXFrameworksBuildPhase;
			buildActionMask = 2147483647;
			files = (
				4A9867D116E44D3400F3797D /* QuartzCore.framework in Frameworks */,
				4A9867CF16E44D2700F3797D /* CoreImage.framework in Frameworks */,
				4A9867CD16E44D1E00F3797D /* ImageIO.framework in Frameworks */,
				4A1AE376164CE68300C12442 /* libz.1.2.5.dylib in Frameworks */,
				968A604D13CECCC600A9A7BE /* UIKit.framework in Frameworks */,
				968A604713CEC8E200A9A7BE /* MobileCoreServices.framework in Frameworks */,
				968A604313CEC89700A9A7BE /* CoreGraphics.framework in Frameworks */,
				968A604413CEC89700A9A7BE /* Security.framework in Frameworks */,
				968A604513CEC89700A9A7BE /* SystemConfiguration.framework in Frameworks */,
				9680956613CD344D0014D09A /* Foundation.framework in Frameworks */,
				968A603D13CEC6D400A9A7BE /* CFNetwork.framework in Frameworks */,
			);
			runOnlyForDeploymentPostprocessing = 0;
		};
/* End PBXFrameworksBuildPhase section */

/* Begin PBXGroup section */
		4AD7D20C19D111A900D7F178 /* Shared3rd */ = {
			isa = PBXGroup;
			children = (
				4AD7D20D19D111A900D7F178 /* NSObject+Singleton */,
			);
			path = Shared3rd;
			sourceTree = "<group>";
		};
		4AD7D20D19D111A900D7F178 /* NSObject+Singleton */ = {
			isa = PBXGroup;
			children = (
				4AD7D20E19D111A900D7F178 /* NSObject+Singleton.h */,
				4AD7D20F19D111A900D7F178 /* NSObject+Singleton.m */,
			);
			path = "NSObject+Singleton";
			sourceTree = "<group>";
		};
		9680955713CD344D0014D09A = {
			isa = PBXGroup;
			children = (
				4AD7D20C19D111A900D7F178 /* Shared3rd */,
				4A9867D016E44D3400F3797D /* QuartzCore.framework */,
				4A9867CE16E44D2700F3797D /* CoreImage.framework */,
				9680956713CD344D0014D09A /* libOpen */,
				9680956413CD344D0014D09A /* Frameworks */,
				9680956313CD344D0014D09A /* Products */,
			);
			sourceTree = "<group>";
		};
		9680956313CD344D0014D09A /* Products */ = {
			isa = PBXGroup;
			children = (
				9680956213CD344D0014D09A /* liblibOpen.a */,
			);
			name = Products;
			sourceTree = "<group>";
		};
		9680956413CD344D0014D09A /* Frameworks */ = {
			isa = PBXGroup;
			children = (
				A722E962165CC0700025A614 /* ImageIO.framework */,
				4A1AE375164CE68300C12442 /* libz.1.2.5.dylib */,
				968A604813CEC90A00A9A7BE /* libz.dylib */,
				968A603E13CEC72200A9A7BE /* libxml2.dylib */,
				968A604C13CECCC600A9A7BE /* UIKit.framework */,
				968A604613CEC8E200A9A7BE /* MobileCoreServices.framework */,
				968A604013CEC89600A9A7BE /* CoreGraphics.framework */,
				968A604113CEC89600A9A7BE /* Security.framework */,
				968A604213CEC89600A9A7BE /* SystemConfiguration.framework */,
				968A603C13CEC6D400A9A7BE /* CFNetwork.framework */,
				9680956513CD344D0014D09A /* Foundation.framework */,
				9680957013CD344E0014D09A /* SenTestingKit.framework */,
			);
			name = Frameworks;
			sourceTree = "<group>";
		};
		9680956713CD344D0014D09A /* libOpen */ = {
			isa = PBXGroup;
			children = (
				4A531BE21A2DAD3D00172FF8 /* AGDateUtil.h */,
				4A531BE31A2DAD3D00172FF8 /* AGDateUtil.m */,
				4AD7D2E619D2BD5C00D7F178 /* AGAppUtil.h */,
				4AD7D2E719D2BD5C00D7F178 /* AGAppUtil.m */,
				4ABF217D19C9B72F00F730FF /* AGModel.h */,
				4ABF217E19C9B72F00F730FF /* AGModel.m */,
				4ABF217F19C9B72F00F730FF /* DSDeviceUtil.h */,
				4ABF218019C9B72F00F730FF /* DSDeviceUtil.m */,
				4ABF218119C9B72F00F730FF /* DSDraw.h */,
				4ABF218219C9B72F00F730FF /* DSDraw.m */,
				4ABF218319C9B72F00F730FF /* DSImage.h */,
				4ABF218419C9B72F00F730FF /* DSImage.m */,
				4ABF218519C9B72F00F730FF /* DSValueUtil.h */,
				4ABF218619C9B72F00F730FF /* DSValueUtil.m */,
				4ABF218719C9B72F00F730FF /* GlobalDefine.h */,
				4ABF218819C9B72F00F730FF /* TDeviceUtil.h */,
				4ABF218919C9B72F00F730FF /* TDeviceUtil.m */,
				4ABF218A19C9B72F00F730FF /* TNibUtil.h */,
				4ABF218B19C9B72F00F730FF /* TNibUtil.m */,
				4ABF218C19C9B72F00F730FF /* TRootViewController.h */,
				4ABF218D19C9B72F00F730FF /* TRootViewController.m */,
				4ABF219F19C9B76000F730FF /* libOpen-Prefix.pch */,
				4ADF91191A8B469B0074B478 /* SKScene+ABUtil.h */,
				4ADF911A1A8B469B0074B478 /* SKScene+ABUtil.m */,
			);
			path = libOpen;
			sourceTree = "<group>";
		};
/* End PBXGroup section */

/* Begin PBXHeadersBuildPhase section */
		9680956013CD344D0014D09A /* Headers */ = {
			isa = PBXHeadersBuildPhase;
			buildActionMask = 2147483647;
			files = (
				4AD7D2E819D2BD5C00D7F178 /* AGAppUtil.h in Headers */,
				4ABF219219C9B72F00F730FF /* DSDraw.h in Headers */,
				4ABF219419C9B72F00F730FF /* DSImage.h in Headers */,
				4ABF219919C9B72F00F730FF /* TDeviceUtil.h in Headers */,
				4ADF911B1A8B469B0074B478 /* SKScene+ABUtil.h in Headers */,
				4ABF219B19C9B72F00F730FF /* TNibUtil.h in Headers */,
				4ABF219D19C9B72F00F730FF /* TRootViewController.h in Headers */,
				4ABF21A019C9B76000F730FF /* libOpen-Prefix.pch in Headers */,
				4ABF218E19C9B72F00F730FF /* AGModel.h in Headers */,
				4AD7D21019D111A900D7F178 /* NSObject+Singleton.h in Headers */,
				4A531BE41A2DAD3D00172FF8 /* AGDateUtil.h in Headers */,
				4ABF219019C9B72F00F730FF /* DSDeviceUtil.h in Headers */,
				4ABF219819C9B72F00F730FF /* GlobalDefine.h in Headers */,
				4ABF219619C9B72F00F730FF /* DSValueUtil.h in Headers */,
			);
			runOnlyForDeploymentPostprocessing = 0;
		};
/* End PBXHeadersBuildPhase section */

/* Begin PBXNativeTarget section */
		9680956113CD344D0014D09A /* libOpen */ = {
			isa = PBXNativeTarget;
			buildConfigurationList = 9680958613CD344E0014D09A /* Build configuration list for PBXNativeTarget "libOpen" */;
			buildPhases = (
				9680955E13CD344D0014D09A /* Sources */,
				9680955F13CD344D0014D09A /* Frameworks */,
				9680956013CD344D0014D09A /* Headers */,
				A737C0E31663A5F500E5447B /* Resources */,
			);
			buildRules = (
			);
			dependencies = (
			);
			name = libOpen;
			productName = libOpen;
			productReference = 9680956213CD344D0014D09A /* liblibOpen.a */;
			productType = "com.apple.product-type.library.static";
		};
/* End PBXNativeTarget section */

/* Begin PBXProject section */
		9680955913CD344D0014D09A /* Project object */ = {
			isa = PBXProject;
			attributes = {
				LastUpgradeCheck = 0450;
			};
			buildConfigurationList = 9680955C13CD344D0014D09A /* Build configuration list for PBXProject "libOpen" */;
			compatibilityVersion = "Xcode 3.2";
			developmentRegion = English;
			hasScannedForEncodings = 0;
			knownRegions = (
				en,
			);
			mainGroup = 9680955713CD344D0014D09A;
			productRefGroup = 9680956313CD344D0014D09A /* Products */;
			projectDirPath = "";
			projectRoot = "";
			targets = (
				9680956113CD344D0014D09A /* libOpen */,
			);
		};
/* End PBXProject section */

/* Begin PBXResourcesBuildPhase section */
		A737C0E31663A5F500E5447B /* Resources */ = {
			isa = PBXResourcesBuildPhase;
			buildActionMask = 2147483647;
			files = (
			);
			runOnlyForDeploymentPostprocessing = 0;
		};
/* End PBXResourcesBuildPhase section */

/* Begin PBXSourcesBuildPhase section */
		9680955E13CD344D0014D09A /* Sources */ = {
			isa = PBXSourcesBuildPhase;
			buildActionMask = 2147483647;
			files = (
				4ABF219A19C9B72F00F730FF /* TDeviceUtil.m in Sources */,
				4ABF219119C9B72F00F730FF /* DSDeviceUtil.m in Sources */,
				4AD7D21119D111A900D7F178 /* NSObject+Singleton.m in Sources */,
				4ADF911C1A8B469B0074B478 /* SKScene+ABUtil.m in Sources */,
				4ABF219319C9B72F00F730FF /* DSDraw.m in Sources */,
				4ABF219519C9B72F00F730FF /* DSImage.m in Sources */,
				4AD7D2E919D2BD5C00D7F178 /* AGAppUtil.m in Sources */,
				4ABF218F19C9B72F00F730FF /* AGModel.m in Sources */,
				4ABF219719C9B72F00F730FF /* DSValueUtil.m in Sources */,
				4A531BE51A2DAD3D00172FF8 /* AGDateUtil.m in Sources */,
				4ABF219C19C9B72F00F730FF /* TNibUtil.m in Sources */,
				4ABF219E19C9B72F00F730FF /* TRootViewController.m in Sources */,
			);
			runOnlyForDeploymentPostprocessing = 0;
		};
/* End PBXSourcesBuildPhase section */

/* Begin XCBuildConfiguration section */
		9680958413CD344E0014D09A /* Debug */ = {
			isa = XCBuildConfiguration;
			buildSettings = {
				ALWAYS_SEARCH_USER_PATHS = NO;
				ARCHS = "$(ARCHS_STANDARD_32_BIT)";
				CLANG_ENABLE_OBJC_ARC = YES;
				COPY_PHASE_STRIP = NO;
				GCC_C_LANGUAGE_STANDARD = gnu99;
				GCC_DYNAMIC_NO_PIC = NO;
				GCC_OPTIMIZATION_LEVEL = 0;
				GCC_PREPROCESSOR_DEFINITIONS = (
					"DEBUG=1",
					"$(inherited)",
				);
				GCC_SYMBOLS_PRIVATE_EXTERN = NO;
				GCC_VERSION = com.apple.compilers.llvmgcc42;
				GCC_WARN_ABOUT_MISSING_PROTOTYPES = YES;
				GCC_WARN_ABOUT_RETURN_TYPE = YES;
				GCC_WARN_UNUSED_VARIABLE = YES;
				IPHONEOS_DEPLOYMENT_TARGET = 6.0;
				SDKROOT = iphoneos;
				TARGETED_DEVICE_FAMILY = "1,2";
			};
			name = Debug;
		};
		9680958513CD344E0014D09A /* Release */ = {
			isa = XCBuildConfiguration;
			buildSettings = {
				ALWAYS_SEARCH_USER_PATHS = NO;
				ARCHS = "$(ARCHS_STANDARD_32_BIT)";
				CLANG_ENABLE_OBJC_ARC = YES;
				COPY_PHASE_STRIP = YES;
				GCC_C_LANGUAGE_STANDARD = gnu99;
				GCC_VERSION = com.apple.compilers.llvmgcc42;
				GCC_WARN_ABOUT_MISSING_PROTOTYPES = YES;
				GCC_WARN_ABOUT_RETURN_TYPE = YES;
				GCC_WARN_UNUSED_VARIABLE = YES;
				IPHONEOS_DEPLOYMENT_TARGET = 6.0;
				SDKROOT = iphoneos;
				TARGETED_DEVICE_FAMILY = "1,2";
				VALIDATE_PRODUCT = YES;
			};
			name = Release;
		};
		9680958713CD344E0014D09A /* Debug */ = {
			isa = XCBuildConfiguration;
			buildSettings = {
				ARCHS = "$(ARCHS_STANDARD)";
				CLANG_ENABLE_OBJC_ARC = YES;
				CODE_SIGN_IDENTITY = "";
				DSTROOT = /tmp/libOpen.dst;
				FRAMEWORK_SEARCH_PATHS = "$(inherited)";
				GCC_PRECOMPILE_PREFIX_HEADER = YES;
				GCC_PREFIX_HEADER = "libOpen/libOpen-Prefix.pch";
				GCC_VERSION = "";
				HEADER_SEARCH_PATHS = "$(inherited)";
				IPHONEOS_DEPLOYMENT_TARGET = 5.1.1;
				LIBRARY_SEARCH_PATHS = (
					"$(inherited)",
					"\"$(SDKROOT)/usr/lib/system\"",
				);
				OTHER_LDFLAGS = "-ObjC";
				PRODUCT_NAME = libOpen;
				SKIP_INSTALL = YES;
			};
			name = Debug;
		};
		9680958813CD344E0014D09A /* Release */ = {
			isa = XCBuildConfiguration;
			buildSettings = {
				ARCHS = "$(ARCHS_STANDARD)";
				CLANG_ENABLE_OBJC_ARC = YES;
				CODE_SIGN_IDENTITY = "";
				DSTROOT = /tmp/libOpen.dst;
				FRAMEWORK_SEARCH_PATHS = "$(inherited)";
				GCC_PRECOMPILE_PREFIX_HEADER = YES;
				GCC_PREFIX_HEADER = "libOpen/libOpen-Prefix.pch";
				GCC_VERSION = "";
				HEADER_SEARCH_PATHS = "$(inherited)";
				IPHONEOS_DEPLOYMENT_TARGET = 5.1.1;
				LIBRARY_SEARCH_PATHS = (
					"$(inherited)",
					"\"$(SDKROOT)/usr/lib/system\"",
				);
				OTHER_LDFLAGS = "-ObjC";
				PRODUCT_NAME = libOpen;
				SKIP_INSTALL = YES;
			};
			name = Release;
		};
/* End XCBuildConfiguration section */

/* Begin XCConfigurationList section */
		9680955C13CD344D0014D09A /* Build configuration list for PBXProject "libOpen" */ = {
			isa = XCConfigurationList;
			buildConfigurations = (
				9680958413CD344E0014D09A /* Debug */,
				9680958513CD344E0014D09A /* Release */,
			);
			defaultConfigurationIsVisible = 0;
			defaultConfigurationName = Release;
		};
		9680958613CD344E0014D09A /* Build configuration list for PBXNativeTarget "libOpen" */ = {
			isa = XCConfigurationList;
			buildConfigurations = (
				9680958713CD344E0014D09A /* Debug */,
				9680958813CD344E0014D09A /* Release */,
			);
			defaultConfigurationIsVisible = 0;
			defaultConfigurationName = Release;
		};
/* End XCConfigurationList section */
	};
	rootObject = 9680955913CD344D0014D09A /* Project object */;
}
